
Microsoft Visual Studio Solution File, Format Version 12.00
# Visual Studio 15
VisualStudioVersion = 15.0.27004.2002
MinimumVisualStudioVersion = 10.0.40219.1
Project("{D954291E-2A0B-460D-934E-DC6B0785DB48}") = "BMI", "BMI\BMI\BMI.shproj", "{97279382-DEA6-4476-B883-23844B7136B5}"
EndProject
Project("{FAE04EC0-301F-11D3-BF4B-00C04F79EFBC}") = "BMI.Android", "BMI\BMI.Android\BMI.Android.csproj", "{D3B4C528-90B1-42A0-A82A-D439BD3B650D}"
EndProject
Project("{FAE04EC0-301F-11D3-BF4B-00C04F79EFBC}") = "BMI.iOS", "BMI\BMI.iOS\BMI.iOS.csproj", "{58CE984B-C1F3-478E-86CD-B789CD7FFD3C}"
EndProject
Global
	GlobalSection(SharedMSBuildProjectFiles) = preSolution
		BMI\BMI\BMI.projitems*{58ce984b-c1f3-478e-86cd-b789cd7ffd3c}*SharedItemsImports = 4
		BMI\BMI\BMI.projitems*{97279382-dea6-4476-b883-23844b7136b5}*SharedItemsImports = 13
		BMI\BMI\BMI.projitems*{d3b4c528-90b1-42a0-a82a-d439bd3b650d}*SharedItemsImports = 4
	EndGlobalSection
	GlobalSection(SolutionConfigurationPlatforms) = preSolution
		Ad-Hoc|Any CPU = Ad-Hoc|Any CPU
		Ad-Hoc|iPhone = Ad-Hoc|iPhone
		Ad-Hoc|iPhoneSimulator = Ad-Hoc|iPhoneSimulator
		AppStore|Any CPU = AppStore|Any CPU
		AppStore|iPhone = AppStore|iPhone
		AppStore|iPhoneSimulator = AppStore|iPhoneSimulator
		Debug|Any CPU = Debug|Any CPU
		Debug|iPhone = Debug|iPhone
		Debug|iPhoneSimulator = Debug|iPhoneSimulator
		Release|Any CPU = Release|Any CPU
		Release|iPhone = Release|iPhone
		Release|iPhoneSimulator = Release|iPhoneSimulator
	EndGlobalSection
	GlobalSection(ProjectConfigurationPlatforms) = postSolution
		{D3B4C528-90B1-42A0-A82A-D439BD3B650D}.Ad-Hoc|Any CPU.ActiveCfg = Release|Any CPU
		{D3B4C528-90B1-42A0-A82A-D439BD3B650D}.Ad-Hoc|Any CPU.Build.0 = Release|Any CPU
		{D3B4C528-90B1-42A0-A82A-D439BD3B650D}.Ad-Hoc|Any CPU.Deploy.0 = Release|Any CPU
		{D3B4C528-90B1-42A0-A82A-D439BD3B650D}.Ad-Hoc|iPhone.ActiveCfg = Release|Any CPU
		{D3B4C528-90B1-42A0-A82A-D439BD3B650D}.Ad-Hoc|iPhone.Build.0 = Release|Any CPU
		{D3B4C528-90B1-42A0-A82A-D439BD3B650D}.Ad-Hoc|iPhone.Deploy.0 = Release|Any CPU
		{D3B4C528-90B1-42A0-A82A-D439BD3B650D}.Ad-Hoc|iPhoneSimulator.ActiveCfg = Release|Any CPU
		{D3B4C528-90B1-42A0-A82A-D439BD3B650D}.Ad-Hoc|iPhoneSimulator.Build.0 = Release|Any CPU
		{D3B4C528-90B1-42A0-A82A-D439BD3B650D}.Ad-Hoc|iPhoneSimulator.Deploy.0 = Release|Any CPU
		{D3B4C528-90B1-42A0-A82A-D439BD3B650D}.AppStore|Any CPU.ActiveCfg = Release|Any CPU
		{D3B4C528-90B1-42A0-A82A-D439BD3B650D}.AppStore|Any CPU.Build.0 = Release|Any CPU
		{D3B4C528-90B1-42A0-A82A-D439BD3B650D}.AppStore|Any CPU.Deploy.0 = Release|Any CPU
		{D3B4C528-90B1-42A0-A82A-D439BD3B650D}.AppStore|iPhone.ActiveCfg = Release|Any CPU
		{D3B4C528-90B1-42A0-A82A-D439BD3B650D}.AppStore|iPhone.Build.0 = Release|Any CPU
		{D3B4C528-90B1-42A0-A82A-D439BD3B650D}.AppStore|iPhone.Deploy.0 = Release|Any CPU
		{D3B4C528-90B1-42A0-A82A-D439BD3B650D}.AppStore|iPhoneSimulator.ActiveCfg = Release|Any CPU
		{D3B4C528-90B1-42A0-A82A-D439BD3B650D}.AppStore|iPhoneSimulator.Build.0 = Release|Any CPU
		{D3B4C528-90B1-42A0-A82A-D439BD3B650D}.AppStore|iPhoneSimulator.Deploy.0 = Release|Any CPU
		{D3B4C528-90B1-42A0-A82A-D439BD3B650D}.Debug|Any CPU.ActiveCfg = Debug|Any CPU
		{D3B4C528-90B1-42A0-A82A-D439BD3B650D}.Debug|Any CPU.Build.0 = Debug|Any CPU
		{D3B4C528-90B1-42A0-A82A-D439BD3B650D}.Debug|Any CPU.Deploy.0 = Debug|Any CPU
		{D3B4C528-90B1-42A0-A82A-D439BD3B650D}.Debug|iPhone.ActiveCfg = Debug|Any CPU
		{D3B4C528-90B1-42A0-A82A-D439BD3B650D}.Debug|iPhone.Build.0 = Debug|Any CPU
		{D3B4C528-90B1-42A0-A82A-D439BD3B650D}.Debug|iPhone.Deploy.0 = Debug|Any CPU
		{D3B4C528-90B1-42A0-A82A-D439BD3B650D}.Debug|iPhoneSimulator.ActiveCfg = Debug|Any CPU
		{D3B4C528-90B1-42A0-A82A-D439BD3B650D}.Debug|iPhoneSimulator.Build.0 = Debug|Any CPU
		{D3B4C528-90B1-42A0-A82A-D439BD3B650D}.Debug|iPhoneSimulator.Deploy.0 = Debug|Any CPU
		{D3B4C528-90B1-42A0-A82A-D439BD3B650D}.Release|Any CPU.ActiveCfg = Release|Any CPU
		{D3B4C528-90B1-42A0-A82A-D439BD3B650D}.Release|Any CPU.Build.0 = Release|Any CPU
		{D3B4C528-90B1-42A0-A82A-D439BD3B650D}.Release|Any CPU.Deploy.0 = Release|Any CPU
		{D3B4C528-90B1-42A0-A82A-D439BD3B650D}.Release|iPhone.ActiveCfg = Release|Any CPU
		{D3B4C528-90B1-42A0-A82A-D439BD3B650D}.Release|iPhone.Build.0 = Release|Any CPU
		{D3B4C528-90B1-42A0-A82A-D439BD3B650D}.Release|iPhone.Deploy.0 = Release|Any CPU
		{D3B4C528-90B1-42A0-A82A-D439BD3B650D}.Release|iPhoneSimulator.ActiveCfg = Release|Any CPU
		{D3B4C528-90B1-42A0-A82A-D439BD3B650D}.Release|iPhoneSimulator.Build.0 = Release|Any CPU
		{D3B4C528-90B1-42A0-A82A-D439BD3B650D}.Release|iPhoneSimulator.Deploy.0 = Release|Any CPU
		{58CE984B-C1F3-478E-86CD-B789CD7FFD3C}.Ad-Hoc|Any CPU.ActiveCfg = Ad-Hoc|iPhoneSimulator
		{58CE984B-C1F3-478E-86CD-B789CD7FFD3C}.Ad-Hoc|iPhone.ActiveCfg = Ad-Hoc|iPhone
		{58CE984B-C1F3-478E-86CD-B789CD7FFD3C}.Ad-Hoc|iPhone.Build.0 = Ad-Hoc|iPhone
		{58CE984B-C1F3-478E-86CD-B789CD7FFD3C}.Ad-Hoc|iPhoneSimulator.ActiveCfg = Ad-Hoc|iPhoneSimulator
		{58CE984B-C1F3-478E-86CD-B789CD7FFD3C}.Ad-Hoc|iPhoneSimulator.Build.0 = Ad-Hoc|iPhoneSimulator
		{58CE984B-C1F3-478E-86CD-B789CD7FFD3C}.AppStore|Any CPU.ActiveCfg = AppStore|iPhoneSimulator
		{58CE984B-C1F3-478E-86CD-B789CD7FFD3C}.AppStore|iPhone.ActiveCfg = AppStore|iPhone
		{58CE984B-C1F3-478E-86CD-B789CD7FFD3C}.AppStore|iPhone.Build.0 = AppStore|iPhone
		{58CE984B-C1F3-478E-86CD-B789CD7FFD3C}.AppStore|iPhoneSimulator.ActiveCfg = AppStore|iPhoneSimulator
		{58CE984B-C1F3-478E-86CD-B789CD7FFD3C}.AppStore|iPhoneSimulator.Build.0 = AppStore|iPhoneSimulator
		{58CE984B-C1F3-478E-86CD-B789CD7FFD3C}.Debug|Any CPU.ActiveCfg = Debug|iPhoneSimulator
		{58CE984B-C1F3-478E-86CD-B789CD7FFD3C}.Debug|iPhone.ActiveCfg = Debug|iPhone
		{58CE984B-C1F3-478E-86CD-B789CD7FFD3C}.Debug|iPhone.Build.0 = Debug|iPhone
		{58CE984B-C1F3-478E-86CD-B789CD7FFD3C}.Debug|iPhoneSimulator.ActiveCfg = Debug|iPhoneSimulator
		{58CE984B-C1F3-478E-86CD-B789CD7FFD3C}.Debug|iPhoneSimulator.Build.0 = Debug|iPhoneSimulator
		{58CE984B-C1F3-478E-86CD-B789CD7FFD3C}.Release|Any CPU.ActiveCfg = Release|iPhoneSimulator
		{58CE984B-C1F3-478E-86CD-B789CD7FFD3C}.Release|iPhone.ActiveCfg = Release|iPhone
		{58CE984B-C1F3-478E-86CD-B789CD7FFD3C}.Release|iPhone.Build.0 = Release|iPhone
		{58CE984B-C1F3-478E-86CD-B789CD7FFD3C}.Release|iPhoneSimulator.ActiveCfg = Release|iPhoneSimulator
		{58CE984B-C1F3-478E-86CD-B789CD7FFD3C}.Release|iPhoneSimulator.Build.0 = Release|iPhoneSimulator
	EndGlobalSection
	GlobalSection(SolutionProperties) = preSolution
		HideSolutionNode = FALSE
	EndGlobalSection
	GlobalSection(ExtensibilityGlobals) = postSolution
		SolutionGuid = {AC3D532C-1CDD-4B6C-99C9-73EE9C6768A8}
	EndGlobalSection
EndGlobal
